version = 1
revision = 3
requires-python = ">=3.14"

[[package]]
name = "anyio"
version = "4.13.0"
source = { registry = "https://pypi.org/simple" }
dependencies = [
    { name = "idna" },
]
sdist = { url = "https://files.pythonhosted.org/packages/19/14/2c5dd9f512b66549ae92767a9c7b330ae88e1932ca57876909410251fe13/anyio-4.13.0.tar.gz", hash = "sha256:334b70e641fd2221c1505b3890c69882fe4a2df910cba14d97019b90b24439dc", size = 231622, upload-time = "2026-03-24T12:59:09.671Z" }
wheels = [
    { url = "https://files.pythonhosted.org/packages/da/42/e921fccf5015463e32a3cf6ee7f980a6ed0f395ceeaa45060b61d86486c2/anyio-4.13.0-py3-none-any.whl", hash = "sha256:08b310f9e24a9594186fd75b4f73f4a4152069e3853f1ed8bfbf58369f4ad708", size = 114353, upload-time = "2026-03-24T12:59:08.246Z" },
]

[[package]]
name = "idna"
version = "3.13"
source = { registry = "https://pypi.org/simple" }
sdist = { url = "https://files.pythonhosted.org/packages/ce/cc/762dfb036166873f0059f3b7de4565e1b5bc3d6f28a414c13da27e442f99/idna-3.13.tar.gz", hash = "sha256:585ea8fe5d69b9181ec1afba340451fba6ba764af97026f92a91d4eef164a242", size = 194210, upload-time = "2026-04-22T16:42:42.314Z" }
wheels = [
    { url = "https://files.pythonhosted.org/packages/5d/13/ad7d7ca3808a898b4612b6fe93cde56b53f3034dcde235acb1f0e1df24c6/idna-3.13-py3-none-any.whl", hash = "sha256:892ea0cde124a99ce773decba204c5552b69c3c67ffd5f232eb7696135bc8bb3", size = 68629, upload-time = "2026-04-22T16:42:40.909Z" },
]

[[package]]
name = "prometheus-client"
version = "0.25.0"
source = { registry = "https://pypi.org/simple" }
sdist = { url = "https://files.pythonhosted.org/packages/1b/fb/d9aa83ffe43ce1f19e557c0971d04b90561b0cfd50762aafb01968285553/prometheus_client-0.25.0.tar.gz", hash = "sha256:5e373b75c31afb3c86f1a52fa1ad470c9aace18082d39ec0d2f918d11cc9ba28", size = 86035, upload-time = "2026-04-09T19:53:42.359Z" }
wheels = [
    { url = "https://files.pythonhosted.org/packages/8d/9b/d4b1e644385499c8346fa9b622a3f030dce14cd6ef8a1871c221a17a67e7/prometheus_client-0.25.0-py3-none-any.whl", hash = "sha256:d5aec89e349a6ec230805d0df882f3807f74fd6c1a2fa86864e3c2279059fed1", size = 64154, upload-time = "2026-04-09T19:53:41.324Z" },
]

[[package]]
name = "prometheus-fastapi-instrumentator"
version = "7.1.0"
source = { registry = "https://pypi.org/simple" }
dependencies = [
    { name = "prometheus-client" },
    { name = "starlette" },
]
sdist = { url = "https://files.pythonhosted.org/packages/69/6d/24d53033cf93826aa7857699a4450c1c67e5b9c710e925b1ed2b320c04df/prometheus_fastapi_instrumentator-7.1.0.tar.gz", hash = "sha256:be7cd61eeea4e5912aeccb4261c6631b3f227d8924542d79eaf5af3f439cbe5e", size = 20220, upload-time = "2025-03-19T19:35:05.351Z" }
wheels = [
    { url = "https://files.pythonhosted.org/packages/27/72/0824c18f3bc75810f55dacc2dd933f6ec829771180245ae3cc976195dec0/prometheus_fastapi_instrumentator-7.1.0-py3-none-any.whl", hash = "sha256:978130f3c0bb7b8ebcc90d35516a6fe13e02d2eb358c8f83887cdef7020c31e9", size = 19296, upload-time = "2025-03-19T19:35:04.323Z" },
]

[[package]]
name = "python-devops-practice"
version = "0.1.0"
source = { virtual = "." }
dependencies = [
    { name = "prometheus-fastapi-instrumentator" },
]

[package.metadata]
requires-dist = [{ name = "prometheus-fastapi-instrumentator", specifier = ">=7.1.0" }]

[[package]]
name = "starlette"
version = "0.52.1"
source = { registry = "https://pypi.org/simple" }
dependencies = [
    { name = "anyio" },
]
sdist = { url = "https://files.pythonhosted.org/packages/c4/68/79977123bb7be889ad680d79a40f339082c1978b5cfcf62c2d8d196873ac/starlette-0.52.1.tar.gz", hash = "sha256:834edd1b0a23167694292e94f597773bc3f89f362be6effee198165a35d62933", size = 2653702, upload-time = "2026-01-18T13:34:11.062Z" }
wheels = [
    { url = "https://files.pythonhosted.org/packages/81/0d/13d1d239a25cbfb19e740db83143e95c772a1fe10202dda4b76792b114dd/starlette-0.52.1-py3-none-any.whl", hash = "sha256:0029d43eb3d273bc4f83a08720b4912ea4b071087a3b48db01b7c839f7954d74", size = 74272, upload-time = "2026-01-18T13:34:09.188Z" },
]
